{
  "name": "deborah-password-generator",
  "version": "1.0.0",
  "lockfileVersion": 3,
  "requires": true,
  "packages": {
    "": {
      "name": "deborah-password-generator",
      "version": "1.0.0",
      "license": "ISC",
      "dependencies": {
        "deborah-password-generator": "^1.0.0"
      }
    },
    "node_modules/deborah-password-generator": {
      "version": "1.0.0",
      "resolved": "https://registry.npmjs.org/deborah-password-generator/-/deborah-password-generator-1.0.0.tgz",
      "integrity": "sha512-p6TgZMeAT44B8ZS/DLOr1GdRgDLnrjfHRGtMvDTPucy9Acv1jGaikaJiIyyQ485a+puDyETQqPY9bL5J/T3uag=="
    }
  }
}
